
Microsoft Visual Studio Solution File, Format Version 12.00
# Visual Studio 2013
VisualStudioVersion = 12.0.21005.1
MinimumVisualStudioVersion = 10.0.40219.1
Project("{FAE04EC0-301F-11D3-BF4B-00C04F79EFBC}") = "WordCounter.UI", "WordCounter.UI\WordCounter.UI.csproj", "{FAC08BD6-5816-4016-A762-A14B7A417E8A}"
EndProject
Project("{FAE04EC0-301F-11D3-BF4B-00C04F79EFBC}") = "WordCounter", "WordCounter\WordCounter.csproj", "{042CEA28-E9DC-4861-9A6D-C6D8D09A08C0}"
EndProject
Project("{FAE04EC0-301F-11D3-BF4B-00C04F79EFBC}") = "WordCounter.Tests", "WordCounter.Tests\WordCounter.Tests.csproj", "{A6E067C4-3888-4A42-ACF7-468E7AC0A162}"
EndProject
Global
	GlobalSection(SolutionConfigurationPlatforms) = preSolution
		Debug|Any CPU = Debug|Any CPU
		Release|Any CPU = Release|Any CPU
	EndGlobalSection
	GlobalSection(ProjectConfigurationPlatforms) = postSolution
		{FAC08BD6-5816-4016-A762-A14B7A417E8A}.Debug|Any CPU.ActiveCfg = Debug|Any CPU
		{FAC08BD6-5816-4016-A762-A14B7A417E8A}.Debug|Any CPU.Build.0 = Debug|Any CPU
		{FAC08BD6-5816-4016-A762-A14B7A417E8A}.Release|Any CPU.ActiveCfg = Release|Any CPU
		{FAC08BD6-5816-4016-A762-A14B7A417E8A}.Release|Any CPU.Build.0 = Release|Any CPU
		{042CEA28-E9DC-4861-9A6D-C6D8D09A08C0}.Debug|Any CPU.ActiveCfg = Debug|Any CPU
		{042CEA28-E9DC-4861-9A6D-C6D8D09A08C0}.Debug|Any CPU.Build.0 = Debug|Any CPU
		{042CEA28-E9DC-4861-9A6D-C6D8D09A08C0}.Release|Any CPU.ActiveCfg = Release|Any CPU
		{042CEA28-E9DC-4861-9A6D-C6D8D09A08C0}.Release|Any CPU.Build.0 = Release|Any CPU
		{A6E067C4-3888-4A42-ACF7-468E7AC0A162}.Debug|Any CPU.ActiveCfg = Debug|Any CPU
		{A6E067C4-3888-4A42-ACF7-468E7AC0A162}.Debug|Any CPU.Build.0 = Debug|Any CPU
		{A6E067C4-3888-4A42-ACF7-468E7AC0A162}.Release|Any CPU.ActiveCfg = Release|Any CPU
		{A6E067C4-3888-4A42-ACF7-468E7AC0A162}.Release|Any CPU.Build.0 = Release|Any CPU
	EndGlobalSection
	GlobalSection(SolutionProperties) = preSolution
		HideSolutionNode = FALSE
	EndGlobalSection
EndGlobal
